Microsoft Visual Studio Solution File, Format Version 11.00
# Visual Studio 2008

Project("{63DE3A87-67A0-535A-A64B-3846CDD2E6B9}") = "Super Peter Speed", "Assembly-CSharp-firstpass.csproj", "{DB61AEEB-5C23-CDAC-83B2-4C3F1F602883}"
EndProject
Project("{63DE3A87-67A0-535A-A64B-3846CDD2E6B9}") = "Super Peter Speed", "Assembly-CSharp.csproj", "{565634AE-6AE7-1DDA-811B-5F5DA9D5E326}"
EndProject
Project("{63DE3A87-67A0-535A-A64B-3846CDD2E6B9}") = "Super Peter Speed", "Assembly-CSharp-Editor-firstpass.csproj", "{8CD2BDD4-3C3C-E71D-952E-0FA2203D0CAE}"
EndProject
Project("{63DE3A87-67A0-535A-A64B-3846CDD2E6B9}") = "Super Peter Speed", "Assembly-CSharp-Editor.csproj", "{F059B37B-A7B6-F986-B26C-1E8257A781F8}"
EndProject
Project("{63DE3A87-67A0-535A-A64B-3846CDD2E6B9}") = "Super Peter Speed", "Assembly-UnityScript-firstpass.unityproj", "{55F85A2B-7AB8-4E71-5358-239C879ED590}"
EndProject
Project("{63DE3A87-67A0-535A-A64B-3846CDD2E6B9}") = "Super Peter Speed", "Assembly-UnityScript.unityproj", "{4BBBC119-20ED-068A-6C31-02ABE3E08535}"
EndProject
Global
	GlobalSection(SolutionConfigurationPlatforms) = preSolution
		Debug|Any CPU = Debug|Any CPU
		Release|Any CPU = Release|Any CPU
	EndGlobalSection
	GlobalSection(ProjectConfigurationPlatforms) = postSolution
		{DB61AEEB-5C23-CDAC-83B2-4C3F1F602883}.Debug|Any CPU.ActiveCfg = Debug|Any CPU
		{DB61AEEB-5C23-CDAC-83B2-4C3F1F602883}.Debug|Any CPU.Build.0 = Debug|Any CPU
		{DB61AEEB-5C23-CDAC-83B2-4C3F1F602883}.Release|Any CPU.ActiveCfg = Release|Any CPU
		{DB61AEEB-5C23-CDAC-83B2-4C3F1F602883}.Release|Any CPU.Build.0 = Release|Any CPU
		{565634AE-6AE7-1DDA-811B-5F5DA9D5E326}.Debug|Any CPU.ActiveCfg = Debug|Any CPU
		{565634AE-6AE7-1DDA-811B-5F5DA9D5E326}.Debug|Any CPU.Build.0 = Debug|Any CPU
		{565634AE-6AE7-1DDA-811B-5F5DA9D5E326}.Release|Any CPU.ActiveCfg = Release|Any CPU
		{565634AE-6AE7-1DDA-811B-5F5DA9D5E326}.Release|Any CPU.Build.0 = Release|Any CPU
		{8CD2BDD4-3C3C-E71D-952E-0FA2203D0CAE}.Debug|Any CPU.ActiveCfg = Debug|Any CPU
		{8CD2BDD4-3C3C-E71D-952E-0FA2203D0CAE}.Debug|Any CPU.Build.0 = Debug|Any CPU
		{8CD2BDD4-3C3C-E71D-952E-0FA2203D0CAE}.Release|Any CPU.ActiveCfg = Release|Any CPU
		{8CD2BDD4-3C3C-E71D-952E-0FA2203D0CAE}.Release|Any CPU.Build.0 = Release|Any CPU
		{F059B37B-A7B6-F986-B26C-1E8257A781F8}.Debug|Any CPU.ActiveCfg = Debug|Any CPU
		{F059B37B-A7B6-F986-B26C-1E8257A781F8}.Debug|Any CPU.Build.0 = Debug|Any CPU
		{F059B37B-A7B6-F986-B26C-1E8257A781F8}.Release|Any CPU.ActiveCfg = Release|Any CPU
		{F059B37B-A7B6-F986-B26C-1E8257A781F8}.Release|Any CPU.Build.0 = Release|Any CPU
		{55F85A2B-7AB8-4E71-5358-239C879ED590}.Debug|Any CPU.ActiveCfg = Debug|Any CPU
		{55F85A2B-7AB8-4E71-5358-239C879ED590}.Debug|Any CPU.Build.0 = Debug|Any CPU
		{55F85A2B-7AB8-4E71-5358-239C879ED590}.Release|Any CPU.ActiveCfg = Release|Any CPU
		{55F85A2B-7AB8-4E71-5358-239C879ED590}.Release|Any CPU.Build.0 = Release|Any CPU
		{4BBBC119-20ED-068A-6C31-02ABE3E08535}.Debug|Any CPU.ActiveCfg = Debug|Any CPU
		{4BBBC119-20ED-068A-6C31-02ABE3E08535}.Debug|Any CPU.Build.0 = Debug|Any CPU
		{4BBBC119-20ED-068A-6C31-02ABE3E08535}.Release|Any CPU.ActiveCfg = Release|Any CPU
		{4BBBC119-20ED-068A-6C31-02ABE3E08535}.Release|Any CPU.Build.0 = Release|Any CPU
	EndGlobalSection
	GlobalSection(SolutionProperties) = preSolution
		HideSolutionNode = FALSE
	EndGlobalSection
																																																																																																																																																																																																																																																																																																																																																																																																																																																																																																																																																																																																																																																																																																																																																																																																									GlobalSection(MonoDevelopProperties) = preSolution
=======
																																																																																																																																																																																																																																																																																																																																																																																																																																																																																																																																																																																																																																																																																																																																																																													GlobalSection(MonoDevelopProperties) = preSolution
>>>>>>> origin/master
=======
																																																																																																																																																																																																																																																																																																																																																																																																																																																																																																																																																																																																																																																																																																																																																																													GlobalSection(MonoDevelopProperties) = preSolution
>>>>>>> origin/master
		StartupItem = Assembly-CSharp.csproj
		Policies = $0
		$0.TextStylePolicy = $1
		$1.inheritsSet = null
		$1.scope = text/x-csharp
		$0.CSharpFormattingPolicy = $2
		$2.inheritsSet = Mono
		$2.inheritsScope = text/x-csharp
		$2.scope = text/x-csharp
		$0.TextStylePolicy = $3
		$3.FileWidth = 120
		$3.TabWidth = 4
		$3.EolMarker = Unix
		$3.inheritsSet = Mono
		$3.inheritsScope = text/plain
		$3.scope = text/plain
	EndGlobalSection

EndGlobal
